
Microsoft Visual Studio Solution File, Format Version 12.00
# Visual Studio Version 17
VisualStudioVersion = 17.9.34616.47
MinimumVisualStudioVersion = 10.0.40219.1
Project("{9A19103F-16F7-4668-BE54-9A1E7A4F7556}") = "Library", "Library\Library.csproj", "{1A080408-FCC3-4271-9752-64661058619C}"
EndProject
Project("{2150E333-8FDC-42A3-9474-1A3956D46DE8}") = "src", "src", "{AB83EFBC-B2DB-4401-B9A6-F19DC7AF92EA}"
EndProject
Project("{9A19103F-16F7-4668-BE54-9A1E7A4F7556}") = "Library.Model", "Library.Model\Library.Model.csproj", "{4FC4AAC7-F876-4607-BA91-52ECC6D918CB}"
EndProject
Project("{9A19103F-16F7-4668-BE54-9A1E7A4F7556}") = "Library.Data", "Library.Data\Library.Data.csproj", "{BE3C8624-527F-4EA6-B693-183D1B8D5143}"
EndProject
Project("{9A19103F-16F7-4668-BE54-9A1E7A4F7556}") = "Library.Service", "Library.Service\Library.Service.csproj", "{9A825C95-D728-4993-80BE-7813A3B60FBB}"
EndProject
Project("{9A19103F-16F7-4668-BE54-9A1E7A4F7556}") = "Library.UnitTests", "LIbrary.UnitTests\Library.UnitTests.csproj", "{D376A21B-5020-4B32-A501-F5D0746A5E62}"
EndProject
Project("{FAE04EC0-301F-11D3-BF4B-00C04F79EFBC}") = "Library.Web", "Library.Web\Library.Web.csproj", "{D2C9BD10-638F-46EF-9B6E-00463EB60EAB}"
EndProject
Global
	GlobalSection(SolutionConfigurationPlatforms) = preSolution
		Debug|Any CPU = Debug|Any CPU
		Release|Any CPU = Release|Any CPU
	EndGlobalSection
	GlobalSection(ProjectConfigurationPlatforms) = postSolution
		{1A080408-FCC3-4271-9752-64661058619C}.Debug|Any CPU.ActiveCfg = Debug|Any CPU
		{1A080408-FCC3-4271-9752-64661058619C}.Debug|Any CPU.Build.0 = Debug|Any CPU
		{1A080408-FCC3-4271-9752-64661058619C}.Release|Any CPU.ActiveCfg = Release|Any CPU
		{1A080408-FCC3-4271-9752-64661058619C}.Release|Any CPU.Build.0 = Release|Any CPU
		{4FC4AAC7-F876-4607-BA91-52ECC6D918CB}.Debug|Any CPU.ActiveCfg = Debug|Any CPU
		{4FC4AAC7-F876-4607-BA91-52ECC6D918CB}.Debug|Any CPU.Build.0 = Debug|Any CPU
		{4FC4AAC7-F876-4607-BA91-52ECC6D918CB}.Release|Any CPU.ActiveCfg = Release|Any CPU
		{4FC4AAC7-F876-4607-BA91-52ECC6D918CB}.Release|Any CPU.Build.0 = Release|Any CPU
		{BE3C8624-527F-4EA6-B693-183D1B8D5143}.Debug|Any CPU.ActiveCfg = Debug|Any CPU
		{BE3C8624-527F-4EA6-B693-183D1B8D5143}.Debug|Any CPU.Build.0 = Debug|Any CPU
		{BE3C8624-527F-4EA6-B693-183D1B8D5143}.Release|Any CPU.ActiveCfg = Release|Any CPU
		{BE3C8624-527F-4EA6-B693-183D1B8D5143}.Release|Any CPU.Build.0 = Release|Any CPU
		{9A825C95-D728-4993-80BE-7813A3B60FBB}.Debug|Any CPU.ActiveCfg = Debug|Any CPU
		{9A825C95-D728-4993-80BE-7813A3B60FBB}.Debug|Any CPU.Build.0 = Debug|Any CPU
		{9A825C95-D728-4993-80BE-7813A3B60FBB}.Release|Any CPU.ActiveCfg = Release|Any CPU
		{9A825C95-D728-4993-80BE-7813A3B60FBB}.Release|Any CPU.Build.0 = Release|Any CPU
		{D376A21B-5020-4B32-A501-F5D0746A5E62}.Debug|Any CPU.ActiveCfg = Debug|Any CPU
		{D376A21B-5020-4B32-A501-F5D0746A5E62}.Debug|Any CPU.Build.0 = Debug|Any CPU
		{D376A21B-5020-4B32-A501-F5D0746A5E62}.Release|Any CPU.ActiveCfg = Release|Any CPU
		{D376A21B-5020-4B32-A501-F5D0746A5E62}.Release|Any CPU.Build.0 = Release|Any CPU
		{D2C9BD10-638F-46EF-9B6E-00463EB60EAB}.Debug|Any CPU.ActiveCfg = Debug|Any CPU
		{D2C9BD10-638F-46EF-9B6E-00463EB60EAB}.Debug|Any CPU.Build.0 = Debug|Any CPU
		{D2C9BD10-638F-46EF-9B6E-00463EB60EAB}.Release|Any CPU.ActiveCfg = Release|Any CPU
		{D2C9BD10-638F-46EF-9B6E-00463EB60EAB}.Release|Any CPU.Build.0 = Release|Any CPU
	EndGlobalSection
	GlobalSection(SolutionProperties) = preSolution
		HideSolutionNode = FALSE
	EndGlobalSection
	GlobalSection(NestedProjects) = preSolution
		{1A080408-FCC3-4271-9752-64661058619C} = {AB83EFBC-B2DB-4401-B9A6-F19DC7AF92EA}
		{4FC4AAC7-F876-4607-BA91-52ECC6D918CB} = {AB83EFBC-B2DB-4401-B9A6-F19DC7AF92EA}
		{BE3C8624-527F-4EA6-B693-183D1B8D5143} = {AB83EFBC-B2DB-4401-B9A6-F19DC7AF92EA}
		{9A825C95-D728-4993-80BE-7813A3B60FBB} = {AB83EFBC-B2DB-4401-B9A6-F19DC7AF92EA}
		{D376A21B-5020-4B32-A501-F5D0746A5E62} = {AB83EFBC-B2DB-4401-B9A6-F19DC7AF92EA}
		{D2C9BD10-638F-46EF-9B6E-00463EB60EAB} = {AB83EFBC-B2DB-4401-B9A6-F19DC7AF92EA}
	EndGlobalSection
	GlobalSection(ExtensibilityGlobals) = postSolution
		SolutionGuid = {98D71F33-96C8-4625-BA52-ADA664526197}
	EndGlobalSection
EndGlobal
